
Microsoft Visual Studio Solution File, Format Version 12.00
# Visual Studio 15
VisualStudioVersion = 15.0.26730.16
MinimumVisualStudioVersion = 10.0.40219.1
Project("{FAE04EC0-301F-11D3-BF4B-00C04F79EFBC}") = "A1", "A1\A1.csproj", "{3119A980-481F-416D-BC9F-6B433E142523}"
EndProject
Project("{FAE04EC0-301F-11D3-BF4B-00C04F79EFBC}") = "A1Tests", "A1Tests\A1Tests.csproj", "{F308681F-BE07-4432-B6FF-9CD85A1A21CC}"
EndProject
Project("{FAE04EC0-301F-11D3-BF4B-00C04F79EFBC}") = "TestCommon", "..\Common\TestCommon\TestCommon.csproj", "{C39FF0C4-6960-42AD-8E2C-D2CAFE850A52}"
EndProject
Global
	GlobalSection(SolutionConfigurationPlatforms) = preSolution
		Debug|Any CPU = Debug|Any CPU
		Release|Any CPU = Release|Any CPU
	EndGlobalSection
	GlobalSection(ProjectConfigurationPlatforms) = postSolution
		{3119A980-481F-416D-BC9F-6B433E142523}.Debug|Any CPU.ActiveCfg = Debug|Any CPU
		{3119A980-481F-416D-BC9F-6B433E142523}.Debug|Any CPU.Build.0 = Debug|Any CPU
		{3119A980-481F-416D-BC9F-6B433E142523}.Release|Any CPU.ActiveCfg = Release|Any CPU
		{3119A980-481F-416D-BC9F-6B433E142523}.Release|Any CPU.Build.0 = Release|Any CPU
		{F308681F-BE07-4432-B6FF-9CD85A1A21CC}.Debug|Any CPU.ActiveCfg = Debug|Any CPU
		{F308681F-BE07-4432-B6FF-9CD85A1A21CC}.Debug|Any CPU.Build.0 = Debug|Any CPU
		{F308681F-BE07-4432-B6FF-9CD85A1A21CC}.Release|Any CPU.ActiveCfg = Release|Any CPU
		{F308681F-BE07-4432-B6FF-9CD85A1A21CC}.Release|Any CPU.Build.0 = Release|Any CPU
		{C39FF0C4-6960-42AD-8E2C-D2CAFE850A52}.Debug|Any CPU.ActiveCfg = Debug|Any CPU
		{C39FF0C4-6960-42AD-8E2C-D2CAFE850A52}.Debug|Any CPU.Build.0 = Debug|Any CPU
		{C39FF0C4-6960-42AD-8E2C-D2CAFE850A52}.Release|Any CPU.ActiveCfg = Release|Any CPU
		{C39FF0C4-6960-42AD-8E2C-D2CAFE850A52}.Release|Any CPU.Build.0 = Release|Any CPU
	EndGlobalSection
	GlobalSection(SolutionProperties) = preSolution
		HideSolutionNode = FALSE
	EndGlobalSection
	GlobalSection(ExtensibilityGlobals) = postSolution
		SolutionGuid = {35020EDB-2B3C-4D61-987C-805873C206F5}
	EndGlobalSection
EndGlobal
